// !$*UTF8*$!
{
	archiveVersion = 1;
	classes = {
	};
	objectVersion = 51;
	objects = {

/* Begin PBXBuildFile section */
		28B79E895E995BD432027D1E /* Pods_RxFeedbackDemoTests.framework in Frameworks */ = {isa = PBXBuildFile; fileRef = CE2B8D6DAA3BDD5291504CF8 /* Pods_RxFeedbackDemoTests.framework */; };
		717B606394D6FA80B204CC1C /* Pods_RxFeedbackDemo.framework in Frameworks */ = {isa = PBXBuildFile; fileRef = 4C99F5BF5BD8DC72AD230FDB /* Pods_RxFeedbackDemo.framework */; };
		E093B05E82EEAE3CF9700480 /* Pods_RxFeedbackDemoUITests.framework in Frameworks */ = {isa = PBXBuildFile; fileRef = DC4C41FAE9B9571B963C7F0B /* Pods_RxFeedbackDemoUITests.framework */; };
		FF3504072324F45000AE6A15 /* WindowRouter.swift in Sources */ = {isa = PBXBuildFile; fileRef = FF3504062324F45000AE6A15 /* WindowRouter.swift */; };
		FF35040C2324F48300AE6A15 /* UIView+Extension.swift in Sources */ = {isa = PBXBuildFile; fileRef = FF35040B2324F48300AE6A15 /* UIView+Extension.swift */; };
		FF35040E2324F49300AE6A15 /* BaseView.swift in Sources */ = {isa = PBXBuildFile; fileRef = FF35040D2324F49300AE6A15 /* BaseView.swift */; };
		FF3504102324F4A500AE6A15 /* BaseViewController.swift in Sources */ = {isa = PBXBuildFile; fileRef = FF35040F2324F4A500AE6A15 /* BaseViewController.swift */; };
		FF3504122324F4B800AE6A15 /* Functions.swift in Sources */ = {isa = PBXBuildFile; fileRef = FF3504112324F4B800AE6A15 /* Functions.swift */; };
		FF3504162324F4F300AE6A15 /* MainViewController.swift in Sources */ = {isa = PBXBuildFile; fileRef = FF3504152324F4F300AE6A15 /* MainViewController.swift */; };
		FF3504182324F50500AE6A15 /* MainView.swift in Sources */ = {isa = PBXBuildFile; fileRef = FF3504172324F50500AE6A15 /* MainView.swift */; };
		FF35041A2324F51900AE6A15 /* MainScreen.swift in Sources */ = {isa = PBXBuildFile; fileRef = FF3504192324F51900AE6A15 /* MainScreen.swift */; };
		FF35041C2324F52700AE6A15 /* MainScreenIO.swift in Sources */ = {isa = PBXBuildFile; fileRef = FF35041B2324F52700AE6A15 /* MainScreenIO.swift */; };
		FF35041E2324F6DB00AE6A15 /* RxFeedbackDemoUITests.swift in Sources */ = {isa = PBXBuildFile; fileRef = FF35041D2324F6DB00AE6A15 /* RxFeedbackDemoUITests.swift */; };
		FF3504202324F70600AE6A15 /* MainScreenTests.swift in Sources */ = {isa = PBXBuildFile; fileRef = FF35041F2324F70600AE6A15 /* MainScreenTests.swift */; };
		FF3504222324FFF700AE6A15 /* MainScreenIOMock.swift in Sources */ = {isa = PBXBuildFile; fileRef = FF3504212324FFF700AE6A15 /* MainScreenIOMock.swift */; };
		FF590BDE2324F1390066A4A1 /* AppDelegate.swift in Sources */ = {isa = PBXBuildFile; fileRef = FF590BDD2324F1390066A4A1 /* AppDelegate.swift */; };
		FF590BE52324F13A0066A4A1 /* Assets.xcassets in Resources */ = {isa = PBXBuildFile; fileRef = FF590BE42324F13A0066A4A1 /* Assets.xcassets */; };
		FF590BE82324F13A0066A4A1 /* LaunchScreen.storyboard in Resources */ = {isa = PBXBuildFile; fileRef = FF590BE62324F13A0066A4A1 /* LaunchScreen.storyboard */; };
/* End PBXBuildFile section */

/* Begin PBXContainerItemProxy section */
		FF590BEF2324F13A0066A4A1 /* PBXContainerItemProxy */ = {
			isa = PBXContainerItemProxy;
			containerPortal = FF590BD22324F1390066A4A1 /* Project object */;
			proxyType = 1;
			remoteGlobalIDString = FF590BD92324F1390066A4A1;
			remoteInfo = RxFeedbackDemo;
		};
		FF590BFA2324F13A0066A4A1 /* PBXContainerItemProxy */ = {
			isa = PBXContainerItemProxy;
			containerPortal = FF590BD22324F1390066A4A1 /* Project object */;
			proxyType = 1;
			remoteGlobalIDString = FF590BD92324F1390066A4A1;
			remoteInfo = RxFeedbackDemo;
		};
/* End PBXContainerItemProxy section */

/* Begin PBXFileReference section */
		14B3F98BA77BFEA3D5F10659 /* Pods-RxFeedbackDemo.debug.xcconfig */ = {isa = PBXFileReference; includeInIndex = 1; lastKnownFileType = text.xcconfig; name = "Pods-RxFeedbackDemo.debug.xcconfig"; path = "Target Support Files/Pods-RxFeedbackDemo/Pods-RxFeedbackDemo.debug.xcconfig"; sourceTree = "<group>"; };
		26797483843379C3B79DF3FD /* Pods-RxFeedbackDemo.release.xcconfig */ = {isa = PBXFileReference; includeInIndex = 1; lastKnownFileType = text.xcconfig; name = "Pods-RxFeedbackDemo.release.xcconfig"; path = "Target Support Files/Pods-RxFeedbackDemo/Pods-RxFeedbackDemo.release.xcconfig"; sourceTree = "<group>"; };
		41BCA30183401E0326734BE5 /* Pods-RxFeedbackDemoTests.release.xcconfig */ = {isa = PBXFileReference; includeInIndex = 1; lastKnownFileType = text.xcconfig; name = "Pods-RxFeedbackDemoTests.release.xcconfig"; path = "Target Support Files/Pods-RxFeedbackDemoTests/Pods-RxFeedbackDemoTests.release.xcconfig"; sourceTree = "<group>"; };
		4C99F5BF5BD8DC72AD230FDB /* Pods_RxFeedbackDemo.framework */ = {isa = PBXFileReference; explicitFileType = wrapper.framework; includeInIndex = 0; path = Pods_RxFeedbackDemo.framework; sourceTree = BUILT_PRODUCTS_DIR; };
		8F281C882745785D71845307 /* Pods-RxFeedbackDemoUITests.release.xcconfig */ = {isa = PBXFileReference; includeInIndex = 1; lastKnownFileType = text.xcconfig; name = "Pods-RxFeedbackDemoUITests.release.xcconfig"; path = "Target Support Files/Pods-RxFeedbackDemoUITests/Pods-RxFeedbackDemoUITests.release.xcconfig"; sourceTree = "<group>"; };
		C1F55672E7D7D143A1F9013A /* Pods-RxFeedbackDemoTests.debug.xcconfig */ = {isa = PBXFileReference; includeInIndex = 1; lastKnownFileType = text.xcconfig; name = "Pods-RxFeedbackDemoTests.debug.xcconfig"; path = "Target Support Files/Pods-RxFeedbackDemoTests/Pods-RxFeedbackDemoTests.debug.xcconfig"; sourceTree = "<group>"; };
		CE2B8D6DAA3BDD5291504CF8 /* Pods_RxFeedbackDemoTests.framework */ = {isa = PBXFileReference; explicitFileType = wrapper.framework; includeInIndex = 0; path = Pods_RxFeedbackDemoTests.framework; sourceTree = BUILT_PRODUCTS_DIR; };
		DC4C41FAE9B9571B963C7F0B /* Pods_RxFeedbackDemoUITests.framework */ = {isa = PBXFileReference; explicitFileType = wrapper.framework; includeInIndex = 0; path = Pods_RxFeedbackDemoUITests.framework; sourceTree = BUILT_PRODUCTS_DIR; };
		ECF48FC823D253EE2B805C1D /* Pods-RxFeedbackDemoUITests.debug.xcconfig */ = {isa = PBXFileReference; includeInIndex = 1; lastKnownFileType = text.xcconfig; name = "Pods-RxFeedbackDemoUITests.debug.xcconfig"; path = "Target Support Files/Pods-RxFeedbackDemoUITests/Pods-RxFeedbackDemoUITests.debug.xcconfig"; sourceTree = "<group>"; };
		FF3504062324F45000AE6A15 /* WindowRouter.swift */ = {isa = PBXFileReference; lastKnownFileType = sourcecode.swift; path = WindowRouter.swift; sourceTree = "<group>"; };
		FF35040B2324F48300AE6A15 /* UIView+Extension.swift */ = {isa = PBXFileReference; lastKnownFileType = sourcecode.swift; path = "UIView+Extension.swift"; sourceTree = "<group>"; };
		FF35040D2324F49300AE6A15 /* BaseView.swift */ = {isa = PBXFileReference; lastKnownFileType = sourcecode.swift; path = BaseView.swift; sourceTree = "<group>"; };
		FF35040F2324F4A500AE6A15 /* BaseViewController.swift */ = {isa = PBXFileReference; lastKnownFileType = sourcecode.swift; path = BaseViewController.swift; sourceTree = "<group>"; };
		FF3504112324F4B800AE6A15 /* Functions.swift */ = {isa = PBXFileReference; lastKnownFileType = sourcecode.swift; path = Functions.swift; sourceTree = "<group>"; };
		FF3504152324F4F300AE6A15 /* MainViewController.swift */ = {isa = PBXFileReference; lastKnownFileType = sourcecode.swift; path = MainViewController.swift; sourceTree = "<group>"; };
		FF3504172324F50500AE6A15 /* MainView.swift */ = {isa = PBXFileReference; lastKnownFileType = sourcecode.swift; path = MainView.swift; sourceTree = "<group>"; };
		FF3504192324F51900AE6A15 /* MainScreen.swift */ = {isa = PBXFileReference; lastKnownFileType = sourcecode.swift; path = MainScreen.swift; sourceTree = "<group>"; };
		FF35041B2324F52700AE6A15 /* MainScreenIO.swift */ = {isa = PBXFileReference; lastKnownFileType = sourcecode.swift; path = MainScreenIO.swift; sourceTree = "<group>"; };
		FF35041D2324F6DB00AE6A15 /* RxFeedbackDemoUITests.swift */ = {isa = PBXFileReference; lastKnownFileType = sourcecode.swift; path = RxFeedbackDemoUITests.swift; sourceTree = "<group>"; };
		FF35041F2324F70600AE6A15 /* MainScreenTests.swift */ = {isa = PBXFileReference; lastKnownFileType = sourcecode.swift; path = MainScreenTests.swift; sourceTree = "<group>"; };
		FF3504212324FFF700AE6A15 /* MainScreenIOMock.swift */ = {isa = PBXFileReference; lastKnownFileType = sourcecode.swift; path = MainScreenIOMock.swift; sourceTree = "<group>"; };
		FF590BDA2324F1390066A4A1 /* RxFeedbackDemo.app */ = {isa = PBXFileReference; explicitFileType = wrapper.application; includeInIndex = 0; path = RxFeedbackDemo.app; sourceTree = BUILT_PRODUCTS_DIR; };
		FF590BDD2324F1390066A4A1 /* AppDelegate.swift */ = {isa = PBXFileReference; lastKnownFileType = sourcecode.swift; path = AppDelegate.swift; sourceTree = "<group>"; };
		FF590BE42324F13A0066A4A1 /* Assets.xcassets */ = {isa = PBXFileReference; lastKnownFileType = folder.assetcatalog; path = Assets.xcassets; sourceTree = "<group>"; };
		FF590BE72324F13A0066A4A1 /* Base */ = {isa = PBXFileReference; lastKnownFileType = file.storyboard; name = Base; path = Base.lproj/LaunchScreen.storyboard; sourceTree = "<group>"; };
		FF590BE92324F13A0066A4A1 /* Info.plist */ = {isa = PBXFileReference; lastKnownFileType = text.plist.xml; path = Info.plist; sourceTree = "<group>"; };
		FF590BEE2324F13A0066A4A1 /* RxFeedbackDemoTests.xctest */ = {isa = PBXFileReference; explicitFileType = wrapper.cfbundle; includeInIndex = 0; path = RxFeedbackDemoTests.xctest; sourceTree = BUILT_PRODUCTS_DIR; };
		FF590BF42324F13A0066A4A1 /* Info.plist */ = {isa = PBXFileReference; lastKnownFileType = text.plist.xml; path = Info.plist; sourceTree = "<group>"; };
		FF590BF92324F13A0066A4A1 /* RxFeedbackDemoUITests.xctest */ = {isa = PBXFileReference; explicitFileType = wrapper.cfbundle; includeInIndex = 0; path = RxFeedbackDemoUITests.xctest; sourceTree = BUILT_PRODUCTS_DIR; };
		FF590BFF2324F13A0066A4A1 /* Info.plist */ = {isa = PBXFileReference; lastKnownFileType = text.plist.xml; path = Info.plist; sourceTree = "<group>"; };
/* End PBXFileReference section */

/* Begin PBXFrameworksBuildPhase section */
		FF590BD72324F1390066A4A1 /* Frameworks */ = {
			isa = PBXFrameworksBuildPhase;
			buildActionMask = 2147483647;
			files = (
				717B606394D6FA80B204CC1C /* Pods_RxFeedbackDemo.framework in Frameworks */,
			);
			runOnlyForDeploymentPostprocessing = 0;
		};
		FF590BEB2324F13A0066A4A1 /* Frameworks */ = {
			isa = PBXFrameworksBuildPhase;
			buildActionMask = 2147483647;
			files = (
				28B79E895E995BD432027D1E /* Pods_RxFeedbackDemoTests.framework in Frameworks */,
			);
			runOnlyForDeploymentPostprocessing = 0;
		};
		FF590BF62324F13A0066A4A1 /* Frameworks */ = {
			isa = PBXFrameworksBuildPhase;
			buildActionMask = 2147483647;
			files = (
				E093B05E82EEAE3CF9700480 /* Pods_RxFeedbackDemoUITests.framework in Frameworks */,
			);
			runOnlyForDeploymentPostprocessing = 0;
		};
/* End PBXFrameworksBuildPhase section */

/* Begin PBXGroup section */
		10CDE710DDF76D205E097856 /* Frameworks */ = {
			isa = PBXGroup;
			children = (
				4C99F5BF5BD8DC72AD230FDB /* Pods_RxFeedbackDemo.framework */,
				CE2B8D6DAA3BDD5291504CF8 /* Pods_RxFeedbackDemoTests.framework */,
				DC4C41FAE9B9571B963C7F0B /* Pods_RxFeedbackDemoUITests.framework */,
			);
			name = Frameworks;
			sourceTree = "<group>";
		};
		41FB4032E6DC7BC5B0B78AC5 /* Pods */ = {
			isa = PBXGroup;
			children = (
				14B3F98BA77BFEA3D5F10659 /* Pods-RxFeedbackDemo.debug.xcconfig */,
				26797483843379C3B79DF3FD /* Pods-RxFeedbackDemo.release.xcconfig */,
				C1F55672E7D7D143A1F9013A /* Pods-RxFeedbackDemoTests.debug.xcconfig */,
				41BCA30183401E0326734BE5 /* Pods-RxFeedbackDemoTests.release.xcconfig */,
				ECF48FC823D253EE2B805C1D /* Pods-RxFeedbackDemoUITests.debug.xcconfig */,
				8F281C882745785D71845307 /* Pods-RxFeedbackDemoUITests.release.xcconfig */,
			);
			path = Pods;
			sourceTree = "<group>";
		};
		FF3504052324F42C00AE6A15 /* Support */ = {
			isa = PBXGroup;
			children = (
				FF590BE42324F13A0066A4A1 /* Assets.xcassets */,
			);
			path = Support;
			sourceTree = "<group>";
		};
		FF3504082324F46400AE6A15 /* Core */ = {
			isa = PBXGroup;
			children = (
				FF3504092324F46C00AE6A15 /* Extensions */,
				FF35040A2324F47300AE6A15 /* BaseViewController */,
				FF3504112324F4B800AE6A15 /* Functions.swift */,
			);
			path = Core;
			sourceTree = "<group>";
		};
		FF3504092324F46C00AE6A15 /* Extensions */ = {
			isa = PBXGroup;
			children = (
				FF35040B2324F48300AE6A15 /* UIView+Extension.swift */,
			);
			path = Extensions;
			sourceTree = "<group>";
		};
		FF35040A2324F47300AE6A15 /* BaseViewController */ = {
			isa = PBXGroup;
			children = (
				FF35040D2324F49300AE6A15 /* BaseView.swift */,
				FF35040F2324F4A500AE6A15 /* BaseViewController.swift */,
			);
			path = BaseViewController;
			sourceTree = "<group>";
		};
		FF3504132324F4D100AE6A15 /* Modules */ = {
			isa = PBXGroup;
			children = (
				FF3504142324F4E600AE6A15 /* Main */,
			);
			path = Modules;
			sourceTree = "<group>";
		};
		FF3504142324F4E600AE6A15 /* Main */ = {
			isa = PBXGroup;
			children = (
				FF3504152324F4F300AE6A15 /* MainViewController.swift */,
				FF3504172324F50500AE6A15 /* MainView.swift */,
				FF3504192324F51900AE6A15 /* MainScreen.swift */,
				FF35041B2324F52700AE6A15 /* MainScreenIO.swift */,
			);
			path = Main;
			sourceTree = "<group>";
		};
		FF590BD12324F1390066A4A1 = {
			isa = PBXGroup;
			children = (
				FF590BDC2324F1390066A4A1 /* RxFeedbackDemo */,
				FF590BF12324F13A0066A4A1 /* RxFeedbackDemoTests */,
				FF590BFC2324F13A0066A4A1 /* RxFeedbackDemoUITests */,
				FF590BDB2324F1390066A4A1 /* Products */,
				41FB4032E6DC7BC5B0B78AC5 /* Pods */,
				10CDE710DDF76D205E097856 /* Frameworks */,
			);
			sourceTree = "<group>";
		};
		FF590BDB2324F1390066A4A1 /* Products */ = {
			isa = PBXGroup;
			children = (
				FF590BDA2324F1390066A4A1 /* RxFeedbackDemo.app */,
				FF590BEE2324F13A0066A4A1 /* RxFeedbackDemoTests.xctest */,
				FF590BF92324F13A0066A4A1 /* RxFeedbackDemoUITests.xctest */,
			);
			name = Products;
			sourceTree = "<group>";
		};
		FF590BDC2324F1390066A4A1 /* RxFeedbackDemo */ = {
			isa = PBXGroup;
			children = (
				FF3504052324F42C00AE6A15 /* Support */,
				FF3504082324F46400AE6A15 /* Core */,
				FF3504132324F4D100AE6A15 /* Modules */,
				FF590BE92324F13A0066A4A1 /* Info.plist */,
				FF590BE62324F13A0066A4A1 /* LaunchScreen.storyboard */,
				FF590BDD2324F1390066A4A1 /* AppDelegate.swift */,
				FF3504062324F45000AE6A15 /* WindowRouter.swift */,
			);
			path = RxFeedbackDemo;
			sourceTree = "<group>";
		};
		FF590BF12324F13A0066A4A1 /* RxFeedbackDemoTests */ = {
			isa = PBXGroup;
			children = (
				FF35041F2324F70600AE6A15 /* MainScreenTests.swift */,
				FF3504212324FFF700AE6A15 /* MainScreenIOMock.swift */,
				FF590BF42324F13A0066A4A1 /* Info.plist */,
			);
			path = RxFeedbackDemoTests;
			sourceTree = "<group>";
		};
		FF590BFC2324F13A0066A4A1 /* RxFeedbackDemoUITests */ = {
			isa = PBXGroup;
			children = (
				FF35041D2324F6DB00AE6A15 /* RxFeedbackDemoUITests.swift */,
				FF590BFF2324F13A0066A4A1 /* Info.plist */,
			);
			path = RxFeedbackDemoUITests;
			sourceTree = "<group>";
		};
/* End PBXGroup section */

/* Begin PBXNativeTarget section */
		FF590BD92324F1390066A4A1 /* RxFeedbackDemo */ = {
			isa = PBXNativeTarget;
			buildConfigurationList = FF590C022324F13A0066A4A1 /* Build configuration list for PBXNativeTarget "RxFeedbackDemo" */;
			buildPhases = (
				CB35CF55BAAEA0F6714798C7 /* [CP] Check Pods Manifest.lock */,
				FF590BD62324F1390066A4A1 /* Sources */,
				FF590BD72324F1390066A4A1 /* Frameworks */,
				FF590BD82324F1390066A4A1 /* Resources */,
				846B4C60616FABADC303574B /* [CP] Embed Pods Frameworks */,
			);
			buildRules = (
			);
			dependencies = (
			);
			name = RxFeedbackDemo;
			productName = RxFeedbackDemo;
			productReference = FF590BDA2324F1390066A4A1 /* RxFeedbackDemo.app */;
			productType = "com.apple.product-type.application";
		};
		FF590BED2324F13A0066A4A1 /* RxFeedbackDemoTests */ = {
			isa = PBXNativeTarget;
			buildConfigurationList = FF590C052324F13A0066A4A1 /* Build configuration list for PBXNativeTarget "RxFeedbackDemoTests" */;
			buildPhases = (
				B2EE134746054154C38E1B39 /* [CP] Check Pods Manifest.lock */,
				FF590BEA2324F13A0066A4A1 /* Sources */,
				FF590BEB2324F13A0066A4A1 /* Frameworks */,
				FF590BEC2324F13A0066A4A1 /* Resources */,
			);
			buildRules = (
			);
			dependencies = (
				FF590BF02324F13A0066A4A1 /* PBXTargetDependency */,
			);
			name = RxFeedbackDemoTests;
			productName = RxFeedbackDemoTests;
			productReference = FF590BEE2324F13A0066A4A1 /* RxFeedbackDemoTests.xctest */;
			productType = "com.apple.product-type.bundle.unit-test";
		};
		FF590BF82324F13A0066A4A1 /* RxFeedbackDemoUITests */ = {
			isa = PBXNativeTarget;
			buildConfigurationList = FF590C082324F13A0066A4A1 /* Build configuration list for PBXNativeTarget "RxFeedbackDemoUITests" */;
			buildPhases = (
				E6319E22129E5EC0AE880B00 /* [CP] Check Pods Manifest.lock */,
				FF590BF52324F13A0066A4A1 /* Sources */,
				FF590BF62324F13A0066A4A1 /* Frameworks */,
				FF590BF72324F13A0066A4A1 /* Resources */,
			);
			buildRules = (
			);
			dependencies = (
				FF590BFB2324F13A0066A4A1 /* PBXTargetDependency */,
			);
			name = RxFeedbackDemoUITests;
			productName = RxFeedbackDemoUITests;
			productReference = FF590BF92324F13A0066A4A1 /* RxFeedbackDemoUITests.xctest */;
			productType = "com.apple.product-type.bundle.ui-testing";
		};
/* End PBXNativeTarget section */

/* Begin PBXProject section */
		FF590BD22324F1390066A4A1 /* Project object */ = {
			isa = PBXProject;
			attributes = {
				LastSwiftUpdateCheck = 1030;
				LastUpgradeCheck = 1030;
				ORGANIZATIONNAME = "Stupivtsev Dmitriy";
				TargetAttributes = {
					FF590BD92324F1390066A4A1 = {
						CreatedOnToolsVersion = 10.3;
					};
					FF590BED2324F13A0066A4A1 = {
						CreatedOnToolsVersion = 10.3;
						LastSwiftMigration = 1100;
						TestTargetID = FF590BD92324F1390066A4A1;
					};
					FF590BF82324F13A0066A4A1 = {
						CreatedOnToolsVersion = 10.3;
						LastSwiftMigration = 1100;
						TestTargetID = FF590BD92324F1390066A4A1;
					};
				};
			};
			buildConfigurationList = FF590BD52324F1390066A4A1 /* Build configuration list for PBXProject "RxFeedbackDemo" */;
			compatibilityVersion = "Xcode 9.3";
			developmentRegion = en;
			hasScannedForEncodings = 0;
			knownRegions = (
				en,
				Base,
			);
			mainGroup = FF590BD12324F1390066A4A1;
			productRefGroup = FF590BDB2324F1390066A4A1 /* Products */;
			projectDirPath = "";
			projectRoot = "";
			targets = (
				FF590BD92324F1390066A4A1 /* RxFeedbackDemo */,
				FF590BED2324F13A0066A4A1 /* RxFeedbackDemoTests */,
				FF590BF82324F13A0066A4A1 /* RxFeedbackDemoUITests */,
			);
		};
/* End PBXProject section */

/* Begin PBXResourcesBuildPhase section */
		FF590BD82324F1390066A4A1 /* Resources */ = {
			isa = PBXResourcesBuildPhase;
			buildActionMask = 2147483647;
			files = (
				FF590BE82324F13A0066A4A1 /* LaunchScreen.storyboard in Resources */,
				FF590BE52324F13A0066A4A1 /* Assets.xcassets in Resources */,
			);
			runOnlyForDeploymentPostprocessing = 0;
		};
		FF590BEC2324F13A0066A4A1 /* Resources */ = {
			isa = PBXResourcesBuildPhase;
			buildActionMask = 2147483647;
			files = (
			);
			runOnlyForDeploymentPostprocessing = 0;
		};
		FF590BF72324F13A0066A4A1 /* Resources */ = {
			isa = PBXResourcesBuildPhase;
			buildActionMask = 2147483647;
			files = (
			);
			runOnlyForDeploymentPostprocessing = 0;
		};
/* End PBXResourcesBuildPhase section */

/* Begin PBXShellScriptBuildPhase section */
		846B4C60616FABADC303574B /* [CP] Embed Pods Frameworks */ = {
			isa = PBXShellScriptBuildPhase;
			buildActionMask = 2147483647;
			files = (
			);
			inputFileListPaths = (
				"${PODS_ROOT}/Target Support Files/Pods-RxFeedbackDemo/Pods-RxFeedbackDemo-frameworks-${CONFIGURATION}-input-files.xcfilelist",
			);
			name = "[CP] Embed Pods Frameworks";
			outputFileListPaths = (
				"${PODS_ROOT}/Target Support Files/Pods-RxFeedbackDemo/Pods-RxFeedbackDemo-frameworks-${CONFIGURATION}-output-files.xcfilelist",
			);
			runOnlyForDeploymentPostprocessing = 0;
			shellPath = /bin/sh;
			shellScript = "\"${PODS_ROOT}/Target Support Files/Pods-RxFeedbackDemo/Pods-RxFeedbackDemo-frameworks.sh\"\n";
			showEnvVarsInLog = 0;
		};
		B2EE134746054154C38E1B39 /* [CP] Check Pods Manifest.lock */ = {
			isa = PBXShellScriptBuildPhase;
			buildActionMask = 2147483647;
			files = (
			);
			inputFileListPaths = (
			);
			inputPaths = (
				"${PODS_PODFILE_DIR_PATH}/Podfile.lock",
				"${PODS_ROOT}/Manifest.lock",
			);
			name = "[CP] Check Pods Manifest.lock";
			outputFileListPaths = (
			);
			outputPaths = (
				"$(DERIVED_FILE_DIR)/Pods-RxFeedbackDemoTests-checkManifestLockResult.txt",
			);
			runOnlyForDeploymentPostprocessing = 0;
			shellPath = /bin/sh;
			shellScript = "diff \"${PODS_PODFILE_DIR_PATH}/Podfile.lock\" \"${PODS_ROOT}/Manifest.lock\" > /dev/null\nif [ $? != 0 ] ; then\n    # print error to STDERR\n    echo \"error: The sandbox is not in sync with the Podfile.lock. Run 'pod install' or update your CocoaPods installation.\" >&2\n    exit 1\nfi\n# This output is used by Xcode 'outputs' to avoid re-running this script phase.\necho \"SUCCESS\" > \"${SCRIPT_OUTPUT_FILE_0}\"\n";
			showEnvVarsInLog = 0;
		};
		CB35CF55BAAEA0F6714798C7 /* [CP] Check Pods Manifest.lock */ = {
			isa = PBXShellScriptBuildPhase;
			buildActionMask = 2147483647;
			files = (
			);
			inputFileListPaths = (
			);
			inputPaths = (
				"${PODS_PODFILE_DIR_PATH}/Podfile.lock",
				"${PODS_ROOT}/Manifest.lock",
			);
			name = "[CP] Check Pods Manifest.lock";
			outputFileListPaths = (
			);
			outputPaths = (
				"$(DERIVED_FILE_DIR)/Pods-RxFeedbackDemo-checkManifestLockResult.txt",
			);
			runOnlyForDeploymentPostprocessing = 0;
			shellPath = /bin/sh;
			shellScript = "diff \"${PODS_PODFILE_DIR_PATH}/Podfile.lock\" \"${PODS_ROOT}/Manifest.lock\" > /dev/null\nif [ $? != 0 ] ; then\n    # print error to STDERR\n    echo \"error: The sandbox is not in sync with the Podfile.lock. Run 'pod install' or update your CocoaPods installation.\" >&2\n    exit 1\nfi\n# This output is used by Xcode 'outputs' to avoid re-running this script phase.\necho \"SUCCESS\" > \"${SCRIPT_OUTPUT_FILE_0}\"\n";
			showEnvVarsInLog = 0;
		};
		E6319E22129E5EC0AE880B00 /* [CP] Check Pods Manifest.lock */ = {
			isa = PBXShellScriptBuildPhase;
			buildActionMask = 2147483647;
			files = (
			);
			inputFileListPaths = (
			);
			inputPaths = (
				"${PODS_PODFILE_DIR_PATH}/Podfile.lock",
				"${PODS_ROOT}/Manifest.lock",
			);
			name = "[CP] Check Pods Manifest.lock";
			outputFileListPaths = (
			);
			outputPaths = (
				"$(DERIVED_FILE_DIR)/Pods-RxFeedbackDemoUITests-checkManifestLockResult.txt",
			);
			runOnlyForDeploymentPostprocessing = 0;
			shellPath = /bin/sh;
			shellScript = "diff \"${PODS_PODFILE_DIR_PATH}/Podfile.lock\" \"${PODS_ROOT}/Manifest.lock\" > /dev/null\nif [ $? != 0 ] ; then\n    # print error to STDERR\n    echo \"error: The sandbox is not in sync with the Podfile.lock. Run 'pod install' or update your CocoaPods installation.\" >&2\n    exit 1\nfi\n# This output is used by Xcode 'outputs' to avoid re-running this script phase.\necho \"SUCCESS\" > \"${SCRIPT_OUTPUT_FILE_0}\"\n";
			showEnvVarsInLog = 0;
		};
/* End PBXShellScriptBuildPhase section */

/* Begin PBXSourcesBuildPhase section */
		FF590BD62324F1390066A4A1 /* Sources */ = {
			isa = PBXSourcesBuildPhase;
			buildActionMask = 2147483647;
			files = (
				FF3504162324F4F300AE6A15 /* MainViewController.swift in Sources */,
				FF3504182324F50500AE6A15 /* MainView.swift in Sources */,
				FF35041C2324F52700AE6A15 /* MainScreenIO.swift in Sources */,
				FF3504102324F4A500AE6A15 /* BaseViewController.swift in Sources */,
				FF35040C2324F48300AE6A15 /* UIView+Extension.swift in Sources */,
				FF3504072324F45000AE6A15 /* WindowRouter.swift in Sources */,
				FF590BDE2324F1390066A4A1 /* AppDelegate.swift in Sources */,
				FF35041A2324F51900AE6A15 /* MainScreen.swift in Sources */,
				FF35040E2324F49300AE6A15 /* BaseView.swift in Sources */,
				FF3504122324F4B800AE6A15 /* Functions.swift in Sources */,
			);
			runOnlyForDeploymentPostprocessing = 0;
		};
		FF590BEA2324F13A0066A4A1 /* Sources */ = {
			isa = PBXSourcesBuildPhase;
			buildActionMask = 2147483647;
			files = (
				FF3504222324FFF700AE6A15 /* MainScreenIOMock.swift in Sources */,
				FF3504202324F70600AE6A15 /* MainScreenTests.swift in Sources */,
			);
			runOnlyForDeploymentPostprocessing = 0;
		};
		FF590BF52324F13A0066A4A1 /* Sources */ = {
			isa = PBXSourcesBuildPhase;
			buildActionMask = 2147483647;
			files = (
				FF35041E2324F6DB00AE6A15 /* RxFeedbackDemoUITests.swift in Sources */,
			);
			runOnlyForDeploymentPostprocessing = 0;
		};
/* End PBXSourcesBuildPhase section */

/* Begin PBXTargetDependency section */
		FF590BF02324F13A0066A4A1 /* PBXTargetDependency */ = {
			isa = PBXTargetDependency;
			target = FF590BD92324F1390066A4A1 /* RxFeedbackDemo */;
			targetProxy = FF590BEF2324F13A0066A4A1 /* PBXContainerItemProxy */;
		};
		FF590BFB2324F13A0066A4A1 /* PBXTargetDependency */ = {
			isa = PBXTargetDependency;
			target = FF590BD92324F1390066A4A1 /* RxFeedbackDemo */;
			targetProxy = FF590BFA2324F13A0066A4A1 /* PBXContainerItemProxy */;
		};
/* End PBXTargetDependency section */

/* Begin PBXVariantGroup section */
		FF590BE62324F13A0066A4A1 /* LaunchScreen.storyboard */ = {
			isa = PBXVariantGroup;
			children = (
				FF590BE72324F13A0066A4A1 /* Base */,
			);
			name = LaunchScreen.storyboard;
			sourceTree = "<group>";
		};
/* End PBXVariantGroup section */

/* Begin XCBuildConfiguration section */
		FF590C002324F13A0066A4A1 /* Debug */ = {
			isa = XCBuildConfiguration;
			buildSettings = {
				ALWAYS_SEARCH_USER_PATHS = NO;
				CLANG_ANALYZER_NONNULL = YES;
				CLANG_ANALYZER_NUMBER_OBJECT_CONVERSION = YES_AGGRESSIVE;
				CLANG_CXX_LANGUAGE_STANDARD = "gnu++14";
				CLANG_CXX_LIBRARY = "libc++";
				CLANG_ENABLE_MODULES = YES;
				CLANG_ENABLE_OBJC_ARC = YES;
				CLANG_ENABLE_OBJC_WEAK = YES;
				CLANG_WARN_BLOCK_CAPTURE_AUTORELEASING = YES;
				CLANG_WARN_BOOL_CONVERSION = YES;
				CLANG_WARN_COMMA = YES;
				CLANG_WARN_CONSTANT_CONVERSION = YES;
				CLANG_WARN_DEPRECATED_OBJC_IMPLEMENTATIONS = YES;
				CLANG_WARN_DIRECT_OBJC_ISA_USAGE = YES_ERROR;
				CLANG_WARN_DOCUMENTATION_COMMENTS = YES;
				CLANG_WARN_EMPTY_BODY = YES;
				CLANG_WARN_ENUM_CONVERSION = YES;
				CLANG_WARN_INFINITE_RECURSION = YES;
				CLANG_WARN_INT_CONVERSION = YES;
				CLANG_WARN_NON_LITERAL_NULL_CONVERSION = YES;
				CLANG_WARN_OBJC_IMPLICIT_RETAIN_SELF = YES;
				CLANG_WARN_OBJC_LITERAL_CONVERSION = YES;
				CLANG_WARN_OBJC_ROOT_CLASS = YES_ERROR;
				CLANG_WARN_RANGE_LOOP_ANALYSIS = YES;
				CLANG_WARN_STRICT_PROTOTYPES = YES;
				CLANG_WARN_SUSPICIOUS_MOVE = YES;
				CLANG_WARN_UNGUARDED_AVAILABILITY = YES_AGGRESSIVE;
				CLANG_WARN_UNREACHABLE_CODE = YES;
				CLANG_WARN__DUPLICATE_METHOD_MATCH = YES;
				CODE_SIGN_IDENTITY = "iPhone Developer";
				COPY_PHASE_STRIP = NO;
				DEBUG_INFORMATION_FORMAT = dwarf;
				ENABLE_STRICT_OBJC_MSGSEND = YES;
				ENABLE_TESTABILITY = YES;
				GCC_C_LANGUAGE_STANDARD = gnu11;
				GCC_DYNAMIC_NO_PIC = NO;
				GCC_NO_COMMON_BLOCKS = YES;
				GCC_OPTIMIZATION_LEVEL = 0;
				GCC_PREPROCESSOR_DEFINITIONS = (
					"DEBUG=1",
					"$(inherited)",
				);
				GCC_WARN_64_TO_32_BIT_CONVERSION = YES;
				GCC_WARN_ABOUT_RETURN_TYPE = YES_ERROR;
				GCC_WARN_UNDECLARED_SELECTOR = YES;
				GCC_WARN_UNINITIALIZED_AUTOS = YES_AGGRESSIVE;
				GCC_WARN_UNUSED_FUNCTION = YES;
				GCC_WARN_UNUSED_VARIABLE = YES;
				IPHONEOS_DEPLOYMENT_TARGET = 12.4;
				MTL_ENABLE_DEBUG_INFO = INCLUDE_SOURCE;
				MTL_FAST_MATH = YES;
				ONLY_ACTIVE_ARCH = YES;
				SDKROOT = iphoneos;
				SWIFT_ACTIVE_COMPILATION_CONDITIONS = DEBUG;
				SWIFT_OPTIMIZATION_LEVEL = "-Onone";
			};
			name = Debug;
		};
		FF590C012324F13A0066A4A1 /* Release */ = {
			isa = XCBuildConfiguration;
			buildSettings = {
				ALWAYS_SEARCH_USER_PATHS = NO;
				CLANG_ANALYZER_NONNULL = YES;
				CLANG_ANALYZER_NUMBER_OBJECT_CONVERSION = YES_AGGRESSIVE;
				CLANG_CXX_LANGUAGE_STANDARD = "gnu++14";
				CLANG_CXX_LIBRARY = "libc++";
				CLANG_ENABLE_MODULES = YES;
				CLANG_ENABLE_OBJC_ARC = YES;
				CLANG_ENABLE_OBJC_WEAK = YES;
				CLANG_WARN_BLOCK_CAPTURE_AUTORELEASING = YES;
				CLANG_WARN_BOOL_CONVERSION = YES;
				CLANG_WARN_COMMA = YES;
				CLANG_WARN_CONSTANT_CONVERSION = YES;
				CLANG_WARN_DEPRECATED_OBJC_IMPLEMENTATIONS = YES;
				CLANG_WARN_DIRECT_OBJC_ISA_USAGE = YES_ERROR;
				CLANG_WARN_DOCUMENTATION_COMMENTS = YES;
				CLANG_WARN_EMPTY_BODY = YES;
				CLANG_WARN_ENUM_CONVERSION = YES;
				CLANG_WARN_INFINITE_RECURSION = YES;
				CLANG_WARN_INT_CONVERSION = YES;
				CLANG_WARN_NON_LITERAL_NULL_CONVERSION = YES;
				CLANG_WARN_OBJC_IMPLICIT_RETAIN_SELF = YES;
				CLANG_WARN_OBJC_LITERAL_CONVERSION = YES;
				CLANG_WARN_OBJC_ROOT_CLASS = YES_ERROR;
				CLANG_WARN_RANGE_LOOP_ANALYSIS = YES;
				CLANG_WARN_STRICT_PROTOTYPES = YES;
				CLANG_WARN_SUSPICIOUS_MOVE = YES;
				CLANG_WARN_UNGUARDED_AVAILABILITY = YES_AGGRESSIVE;
				CLANG_WARN_UNREACHABLE_CODE = YES;
				CLANG_WARN__DUPLICATE_METHOD_MATCH = YES;
				CODE_SIGN_IDENTITY = "iPhone Developer";
				COPY_PHASE_STRIP = NO;
				DEBUG_INFORMATION_FORMAT = "dwarf-with-dsym";
				ENABLE_NS_ASSERTIONS = NO;
				ENABLE_STRICT_OBJC_MSGSEND = YES;
				GCC_C_LANGUAGE_STANDARD = gnu11;
				GCC_NO_COMMON_BLOCKS = YES;
				GCC_WARN_64_TO_32_BIT_CONVERSION = YES;
				GCC_WARN_ABOUT_RETURN_TYPE = YES_ERROR;
				GCC_WARN_UNDECLARED_SELECTOR = YES;
				GCC_WARN_UNINITIALIZED_AUTOS = YES_AGGRESSIVE;
				GCC_WARN_UNUSED_FUNCTION = YES;
				GCC_WARN_UNUSED_VARIABLE = YES;
				IPHONEOS_DEPLOYMENT_TARGET = 12.4;
				MTL_ENABLE_DEBUG_INFO = NO;
				MTL_FAST_MATH = YES;
				SDKROOT = iphoneos;
				SWIFT_COMPILATION_MODE = wholemodule;
				SWIFT_OPTIMIZATION_LEVEL = "-O";
				VALIDATE_PRODUCT = YES;
			};
			name = Release;
		};
		FF590C032324F13A0066A4A1 /* Debug */ = {
			isa = XCBuildConfiguration;
			baseConfigurationReference = 14B3F98BA77BFEA3D5F10659 /* Pods-RxFeedbackDemo.debug.xcconfig */;
			buildSettings = {
				ASSETCATALOG_COMPILER_APPICON_NAME = AppIcon;
				CODE_SIGN_STYLE = Automatic;
				DEVELOPMENT_TEAM = TA68U55HHH;
				INFOPLIST_FILE = RxFeedbackDemo/Info.plist;
				LD_RUNPATH_SEARCH_PATHS = (
					"$(inherited)",
					"@executable_path/Frameworks",
				);
				PRODUCT_BUNDLE_IDENTIFIER = dvs.RxFeedbackDemo;
				PRODUCT_NAME = "$(TARGET_NAME)";
				SWIFT_VERSION = 5.0;
				TARGETED_DEVICE_FAMILY = "1,2";
			};
			name = Debug;
		};
		FF590C042324F13A0066A4A1 /* Release */ = {
			isa = XCBuildConfiguration;
			baseConfigurationReference = 26797483843379C3B79DF3FD /* Pods-RxFeedbackDemo.release.xcconfig */;
			buildSettings = {
				ASSETCATALOG_COMPILER_APPICON_NAME = AppIcon;
				CODE_SIGN_STYLE = Automatic;
				DEVELOPMENT_TEAM = TA68U55HHH;
				INFOPLIST_FILE = RxFeedbackDemo/Info.plist;
				LD_RUNPATH_SEARCH_PATHS = (
					"$(inherited)",
					"@executable_path/Frameworks",
				);
				PRODUCT_BUNDLE_IDENTIFIER = dvs.RxFeedbackDemo;
				PRODUCT_NAME = "$(TARGET_NAME)";
				SWIFT_VERSION = 5.0;
				TARGETED_DEVICE_FAMILY = "1,2";
			};
			name = Release;
		};
		FF590C062324F13A0066A4A1 /* Debug */ = {
			isa = XCBuildConfiguration;
			baseConfigurationReference = C1F55672E7D7D143A1F9013A /* Pods-RxFeedbackDemoTests.debug.xcconfig */;
			buildSettings = {
				ALWAYS_EMBED_SWIFT_STANDARD_LIBRARIES = YES;
				BUNDLE_LOADER = "$(TEST_HOST)";
				CLANG_ENABLE_MODULES = YES;
				CODE_SIGN_STYLE = Automatic;
				DEVELOPMENT_TEAM = TA68U55HHH;
				INFOPLIST_FILE = RxFeedbackDemoTests/Info.plist;
				LD_RUNPATH_SEARCH_PATHS = (
					"$(inherited)",
					"@executable_path/Frameworks",
					"@loader_path/Frameworks",
				);
				PRODUCT_BUNDLE_IDENTIFIER = dvs.RxFeedbackDemoTests;
				PRODUCT_NAME = "$(TARGET_NAME)";
				SWIFT_OPTIMIZATION_LEVEL = "-Onone";
				SWIFT_VERSION = 5.0;
				TARGETED_DEVICE_FAMILY = "1,2";
				TEST_HOST = "$(BUILT_PRODUCTS_DIR)/RxFeedbackDemo.app/RxFeedbackDemo";
			};
			name = Debug;
		};
		FF590C072324F13A0066A4A1 /* Release */ = {
			isa = XCBuildConfiguration;
			baseConfigurationReference = 41BCA30183401E0326734BE5 /* Pods-RxFeedbackDemoTests.release.xcconfig */;
			buildSettings = {
				ALWAYS_EMBED_SWIFT_STANDARD_LIBRARIES = YES;
				BUNDLE_LOADER = "$(TEST_HOST)";
				CLANG_ENABLE_MODULES = YES;
				CODE_SIGN_STYLE = Automatic;
				DEVELOPMENT_TEAM = TA68U55HHH;
				INFOPLIST_FILE = RxFeedbackDemoTests/Info.plist;
				LD_RUNPATH_SEARCH_PATHS = (
					"$(inherited)",
					"@executable_path/Frameworks",
					"@loader_path/Frameworks",
				);
				PRODUCT_BUNDLE_IDENTIFIER = dvs.RxFeedbackDemoTests;
				PRODUCT_NAME = "$(TARGET_NAME)";
				SWIFT_VERSION = 5.0;
				TARGETED_DEVICE_FAMILY = "1,2";
				TEST_HOST = "$(BUILT_PRODUCTS_DIR)/RxFeedbackDemo.app/RxFeedbackDemo";
			};
			name = Release;
		};
		FF590C092324F13A0066A4A1 /* Debug */ = {
			isa = XCBuildConfiguration;
			baseConfigurationReference = ECF48FC823D253EE2B805C1D /* Pods-RxFeedbackDemoUITests.debug.xcconfig */;
			buildSettings = {
				ALWAYS_EMBED_SWIFT_STANDARD_LIBRARIES = YES;
				CLANG_ENABLE_MODULES = YES;
				CODE_SIGN_STYLE = Automatic;
				DEVELOPMENT_TEAM = TA68U55HHH;
				INFOPLIST_FILE = RxFeedbackDemoUITests/Info.plist;
				LD_RUNPATH_SEARCH_PATHS = (
					"$(inherited)",
					"@executable_path/Frameworks",
					"@loader_path/Frameworks",
				);
				PRODUCT_BUNDLE_IDENTIFIER = dvs.RxFeedbackDemoUITests;
				PRODUCT_NAME = "$(TARGET_NAME)";
				SWIFT_OPTIMIZATION_LEVEL = "-Onone";
				SWIFT_VERSION = 5.0;
				TARGETED_DEVICE_FAMILY = "1,2";
				TEST_TARGET_NAME = RxFeedbackDemo;
			};
			name = Debug;
		};
		FF590C0A2324F13A0066A4A1 /* Release */ = {
			isa = XCBuildConfiguration;
			baseConfigurationReference = 8F281C882745785D71845307 /* Pods-RxFeedbackDemoUITests.release.xcconfig */;
			buildSettings = {
				ALWAYS_EMBED_SWIFT_STANDARD_LIBRARIES = YES;
				CLANG_ENABLE_MODULES = YES;
				CODE_SIGN_STYLE = Automatic;
				DEVELOPMENT_TEAM = TA68U55HHH;
				INFOPLIST_FILE = RxFeedbackDemoUITests/Info.plist;
				LD_RUNPATH_SEARCH_PATHS = (
					"$(inherited)",
					"@executable_path/Frameworks",
					"@loader_path/Frameworks",
				);
				PRODUCT_BUNDLE_IDENTIFIER = dvs.RxFeedbackDemoUITests;
				PRODUCT_NAME = "$(TARGET_NAME)";
				SWIFT_VERSION = 5.0;
				TARGETED_DEVICE_FAMILY = "1,2";
				TEST_TARGET_NAME = RxFeedbackDemo;
			};
			name = Release;
		};
/* End XCBuildConfiguration section */

/* Begin XCConfigurationList section */
		FF590BD52324F1390066A4A1 /* Build configuration list for PBXProject "RxFeedbackDemo" */ = {
			isa = XCConfigurationList;
			buildConfigurations = (
				FF590C002324F13A0066A4A1 /* Debug */,
				FF590C012324F13A0066A4A1 /* Release */,
			);
			defaultConfigurationIsVisible = 0;
			defaultConfigurationName = Release;
		};
		FF590C022324F13A0066A4A1 /* Build configuration list for PBXNativeTarget "RxFeedbackDemo" */ = {
			isa = XCConfigurationList;
			buildConfigurations = (
				FF590C032324F13A0066A4A1 /* Debug */,
				FF590C042324F13A0066A4A1 /* Release */,
			);
			defaultConfigurationIsVisible = 0;
			defaultConfigurationName = Release;
		};
		FF590C052324F13A0066A4A1 /* Build configuration list for PBXNativeTarget "RxFeedbackDemoTests" */ = {
			isa = XCConfigurationList;
			buildConfigurations = (
				FF590C062324F13A0066A4A1 /* Debug */,
				FF590C072324F13A0066A4A1 /* Release */,
			);
			defaultConfigurationIsVisible = 0;
			defaultConfigurationName = Release;
		};
		FF590C082324F13A0066A4A1 /* Build configuration list for PBXNativeTarget "RxFeedbackDemoUITests" */ = {
			isa = XCConfigurationList;
			buildConfigurations = (
				FF590C092324F13A0066A4A1 /* Debug */,
				FF590C0A2324F13A0066A4A1 /* Release */,
			);
			defaultConfigurationIsVisible = 0;
			defaultConfigurationName = Release;
		};
/* End XCConfigurationList section */
	};
	rootObject = FF590BD22324F1390066A4A1 /* Project object */;
}
