// !$*UTF8*$!
{
	archiveVersion = 1;
	classes = {
	};
	objectVersion = 50;
	objects = {

/* Begin PBXBuildFile section */
		FF91A606231C00A300044012 /* AppDelegate.swift in Sources */ = {isa = PBXBuildFile; fileRef = FF91A605231C00A300044012 /* AppDelegate.swift */; };
		FF91A608231C00A300044012 /* MainViewController.swift in Sources */ = {isa = PBXBuildFile; fileRef = FF91A607231C00A300044012 /* MainViewController.swift */; };
		FF91A60D231C00A400044012 /* Assets.xcassets in Resources */ = {isa = PBXBuildFile; fileRef = FF91A60C231C00A400044012 /* Assets.xcassets */; };
		FF91A610231C00A400044012 /* LaunchScreen.storyboard in Resources */ = {isa = PBXBuildFile; fileRef = FF91A60E231C00A400044012 /* LaunchScreen.storyboard */; };
		FF91A627231C03EF00044012 /* WindowRouter.swift in Sources */ = {isa = PBXBuildFile; fileRef = FF91A626231C03EF00044012 /* WindowRouter.swift */; };
/* End PBXBuildFile section */

/* Begin PBXContainerItemProxy section */
		FF91A617231C00A400044012 /* PBXContainerItemProxy */ = {
			isa = PBXContainerItemProxy;
			containerPortal = FF91A5FA231C00A300044012 /* Project object */;
			proxyType = 1;
			remoteGlobalIDString = FF91A601231C00A300044012;
			remoteInfo = "RxFeedback-demo";
		};
/* End PBXContainerItemProxy section */

/* Begin PBXFileReference section */
		FF91A602231C00A300044012 /* RxFeedback-demo.app */ = {isa = PBXFileReference; explicitFileType = wrapper.application; includeInIndex = 0; path = "RxFeedback-demo.app"; sourceTree = BUILT_PRODUCTS_DIR; };
		FF91A605231C00A300044012 /* AppDelegate.swift */ = {isa = PBXFileReference; lastKnownFileType = sourcecode.swift; path = AppDelegate.swift; sourceTree = "<group>"; };
		FF91A607231C00A300044012 /* MainViewController.swift */ = {isa = PBXFileReference; lastKnownFileType = sourcecode.swift; path = MainViewController.swift; sourceTree = "<group>"; };
		FF91A60C231C00A400044012 /* Assets.xcassets */ = {isa = PBXFileReference; lastKnownFileType = folder.assetcatalog; path = Assets.xcassets; sourceTree = "<group>"; };
		FF91A60F231C00A400044012 /* Base */ = {isa = PBXFileReference; lastKnownFileType = file.storyboard; name = Base; path = Base.lproj/LaunchScreen.storyboard; sourceTree = "<group>"; };
		FF91A611231C00A400044012 /* Info.plist */ = {isa = PBXFileReference; lastKnownFileType = text.plist.xml; path = Info.plist; sourceTree = "<group>"; };
		FF91A616231C00A400044012 /* RxFeedback-demoTests.xctest */ = {isa = PBXFileReference; explicitFileType = wrapper.cfbundle; includeInIndex = 0; path = "RxFeedback-demoTests.xctest"; sourceTree = BUILT_PRODUCTS_DIR; };
		FF91A61C231C00A400044012 /* Info.plist */ = {isa = PBXFileReference; lastKnownFileType = text.plist.xml; path = Info.plist; sourceTree = "<group>"; };
		FF91A626231C03EF00044012 /* WindowRouter.swift */ = {isa = PBXFileReference; lastKnownFileType = sourcecode.swift; path = WindowRouter.swift; sourceTree = "<group>"; };
/* End PBXFileReference section */

/* Begin PBXFrameworksBuildPhase section */
		FF91A5FF231C00A300044012 /* Frameworks */ = {
			isa = PBXFrameworksBuildPhase;
			buildActionMask = 2147483647;
			files = (
			);
			runOnlyForDeploymentPostprocessing = 0;
		};
		FF91A613231C00A400044012 /* Frameworks */ = {
			isa = PBXFrameworksBuildPhase;
			buildActionMask = 2147483647;
			files = (
			);
			runOnlyForDeploymentPostprocessing = 0;
		};
/* End PBXFrameworksBuildPhase section */

/* Begin PBXGroup section */
		FF91A5F9231C00A300044012 = {
			isa = PBXGroup;
			children = (
				FF91A604231C00A300044012 /* RxFeedback-demo */,
				FF91A619231C00A400044012 /* RxFeedback-demoTests */,
				FF91A603231C00A300044012 /* Products */,
			);
			sourceTree = "<group>";
		};
		FF91A603231C00A300044012 /* Products */ = {
			isa = PBXGroup;
			children = (
				FF91A602231C00A300044012 /* RxFeedback-demo.app */,
				FF91A616231C00A400044012 /* RxFeedback-demoTests.xctest */,
			);
			name = Products;
			sourceTree = "<group>";
		};
		FF91A604231C00A300044012 /* RxFeedback-demo */ = {
			isa = PBXGroup;
			children = (
				FF91A605231C00A300044012 /* AppDelegate.swift */,
				FF91A626231C03EF00044012 /* WindowRouter.swift */,
				FF91A611231C00A400044012 /* Info.plist */,
				FF91A625231C03CC00044012 /* Support */,
				FF91A628231C042300044012 /* Main */,
			);
			path = "RxFeedback-demo";
			sourceTree = "<group>";
		};
		FF91A619231C00A400044012 /* RxFeedback-demoTests */ = {
			isa = PBXGroup;
			children = (
				FF91A61C231C00A400044012 /* Info.plist */,
			);
			path = "RxFeedback-demoTests";
			sourceTree = "<group>";
		};
		FF91A625231C03CC00044012 /* Support */ = {
			isa = PBXGroup;
			children = (
				FF91A60E231C00A400044012 /* LaunchScreen.storyboard */,
				FF91A60C231C00A400044012 /* Assets.xcassets */,
			);
			path = Support;
			sourceTree = "<group>";
		};
		FF91A628231C042300044012 /* Main */ = {
			isa = PBXGroup;
			children = (
				FF91A607231C00A300044012 /* MainViewController.swift */,
			);
			path = Main;
			sourceTree = "<group>";
		};
/* End PBXGroup section */

/* Begin PBXNativeTarget section */
		FF91A601231C00A300044012 /* RxFeedback-demo */ = {
			isa = PBXNativeTarget;
			buildConfigurationList = FF91A61F231C00A400044012 /* Build configuration list for PBXNativeTarget "RxFeedback-demo" */;
			buildPhases = (
				FF91A5FE231C00A300044012 /* Sources */,
				FF91A5FF231C00A300044012 /* Frameworks */,
				FF91A600231C00A300044012 /* Resources */,
			);
			buildRules = (
			);
			dependencies = (
			);
			name = "RxFeedback-demo";
			productName = "RxFeedback-demo";
			productReference = FF91A602231C00A300044012 /* RxFeedback-demo.app */;
			productType = "com.apple.product-type.application";
		};
		FF91A615231C00A400044012 /* RxFeedback-demoTests */ = {
			isa = PBXNativeTarget;
			buildConfigurationList = FF91A622231C00A400044012 /* Build configuration list for PBXNativeTarget "RxFeedback-demoTests" */;
			buildPhases = (
				FF91A612231C00A400044012 /* Sources */,
				FF91A613231C00A400044012 /* Frameworks */,
				FF91A614231C00A400044012 /* Resources */,
			);
			buildRules = (
			);
			dependencies = (
				FF91A618231C00A400044012 /* PBXTargetDependency */,
			);
			name = "RxFeedback-demoTests";
			productName = "RxFeedback-demoTests";
			productReference = FF91A616231C00A400044012 /* RxFeedback-demoTests.xctest */;
			productType = "com.apple.product-type.bundle.unit-test";
		};
/* End PBXNativeTarget section */

/* Begin PBXProject section */
		FF91A5FA231C00A300044012 /* Project object */ = {
			isa = PBXProject;
			attributes = {
				LastSwiftUpdateCheck = 1030;
				LastUpgradeCheck = 1030;
				ORGANIZATIONNAME = "Stupivtsev Dmitriy";
				TargetAttributes = {
					FF91A601231C00A300044012 = {
						CreatedOnToolsVersion = 10.3;
					};
					FF91A615231C00A400044012 = {
						CreatedOnToolsVersion = 10.3;
						TestTargetID = FF91A601231C00A300044012;
					};
				};
			};
			buildConfigurationList = FF91A5FD231C00A300044012 /* Build configuration list for PBXProject "RxFeedback-demo" */;
			compatibilityVersion = "Xcode 9.3";
			developmentRegion = en;
			hasScannedForEncodings = 0;
			knownRegions = (
				en,
				Base,
			);
			mainGroup = FF91A5F9231C00A300044012;
			productRefGroup = FF91A603231C00A300044012 /* Products */;
			projectDirPath = "";
			projectRoot = "";
			targets = (
				FF91A601231C00A300044012 /* RxFeedback-demo */,
				FF91A615231C00A400044012 /* RxFeedback-demoTests */,
			);
		};
/* End PBXProject section */

/* Begin PBXResourcesBuildPhase section */
		FF91A600231C00A300044012 /* Resources */ = {
			isa = PBXResourcesBuildPhase;
			buildActionMask = 2147483647;
			files = (
				FF91A610231C00A400044012 /* LaunchScreen.storyboard in Resources */,
				FF91A60D231C00A400044012 /* Assets.xcassets in Resources */,
			);
			runOnlyForDeploymentPostprocessing = 0;
		};
		FF91A614231C00A400044012 /* Resources */ = {
			isa = PBXResourcesBuildPhase;
			buildActionMask = 2147483647;
			files = (
			);
			runOnlyForDeploymentPostprocessing = 0;
		};
/* End PBXResourcesBuildPhase section */

/* Begin PBXSourcesBuildPhase section */
		FF91A5FE231C00A300044012 /* Sources */ = {
			isa = PBXSourcesBuildPhase;
			buildActionMask = 2147483647;
			files = (
				FF91A608231C00A300044012 /* MainViewController.swift in Sources */,
				FF91A627231C03EF00044012 /* WindowRouter.swift in Sources */,
				FF91A606231C00A300044012 /* AppDelegate.swift in Sources */,
			);
			runOnlyForDeploymentPostprocessing = 0;
		};
		FF91A612231C00A400044012 /* Sources */ = {
			isa = PBXSourcesBuildPhase;
			buildActionMask = 2147483647;
			files = (
			);
			runOnlyForDeploymentPostprocessing = 0;
		};
/* End PBXSourcesBuildPhase section */

/* Begin PBXTargetDependency section */
		FF91A618231C00A400044012 /* PBXTargetDependency */ = {
			isa = PBXTargetDependency;
			target = FF91A601231C00A300044012 /* RxFeedback-demo */;
			targetProxy = FF91A617231C00A400044012 /* PBXContainerItemProxy */;
		};
/* End PBXTargetDependency section */

/* Begin PBXVariantGroup section */
		FF91A60E231C00A400044012 /* LaunchScreen.storyboard */ = {
			isa = PBXVariantGroup;
			children = (
				FF91A60F231C00A400044012 /* Base */,
			);
			name = LaunchScreen.storyboard;
			sourceTree = "<group>";
		};
/* End PBXVariantGroup section */

/* Begin XCBuildConfiguration section */
		FF91A61D231C00A400044012 /* Debug */ = {
			isa = XCBuildConfiguration;
			buildSettings = {
				ALWAYS_SEARCH_USER_PATHS = NO;
				CLANG_ANALYZER_NONNULL = YES;
				CLANG_ANALYZER_NUMBER_OBJECT_CONVERSION = YES_AGGRESSIVE;
				CLANG_CXX_LANGUAGE_STANDARD = "gnu++14";
				CLANG_CXX_LIBRARY = "libc++";
				CLANG_ENABLE_MODULES = YES;
				CLANG_ENABLE_OBJC_ARC = YES;
				CLANG_ENABLE_OBJC_WEAK = YES;
				CLANG_WARN_BLOCK_CAPTURE_AUTORELEASING = YES;
				CLANG_WARN_BOOL_CONVERSION = YES;
				CLANG_WARN_COMMA = YES;
				CLANG_WARN_CONSTANT_CONVERSION = YES;
				CLANG_WARN_DEPRECATED_OBJC_IMPLEMENTATIONS = YES;
				CLANG_WARN_DIRECT_OBJC_ISA_USAGE = YES_ERROR;
				CLANG_WARN_DOCUMENTATION_COMMENTS = YES;
				CLANG_WARN_EMPTY_BODY = YES;
				CLANG_WARN_ENUM_CONVERSION = YES;
				CLANG_WARN_INFINITE_RECURSION = YES;
				CLANG_WARN_INT_CONVERSION = YES;
				CLANG_WARN_NON_LITERAL_NULL_CONVERSION = YES;
				CLANG_WARN_OBJC_IMPLICIT_RETAIN_SELF = YES;
				CLANG_WARN_OBJC_LITERAL_CONVERSION = YES;
				CLANG_WARN_OBJC_ROOT_CLASS = YES_ERROR;
				CLANG_WARN_RANGE_LOOP_ANALYSIS = YES;
				CLANG_WARN_STRICT_PROTOTYPES = YES;
				CLANG_WARN_SUSPICIOUS_MOVE = YES;
				CLANG_WARN_UNGUARDED_AVAILABILITY = YES_AGGRESSIVE;
				CLANG_WARN_UNREACHABLE_CODE = YES;
				CLANG_WARN__DUPLICATE_METHOD_MATCH = YES;
				CODE_SIGN_IDENTITY = "iPhone Developer";
				COPY_PHASE_STRIP = NO;
				DEBUG_INFORMATION_FORMAT = dwarf;
				ENABLE_STRICT_OBJC_MSGSEND = YES;
				ENABLE_TESTABILITY = YES;
				GCC_C_LANGUAGE_STANDARD = gnu11;
				GCC_DYNAMIC_NO_PIC = NO;
				GCC_NO_COMMON_BLOCKS = YES;
				GCC_OPTIMIZATION_LEVEL = 0;
				GCC_PREPROCESSOR_DEFINITIONS = (
					"DEBUG=1",
					"$(inherited)",
				);
				GCC_WARN_64_TO_32_BIT_CONVERSION = YES;
				GCC_WARN_ABOUT_RETURN_TYPE = YES_ERROR;
				GCC_WARN_UNDECLARED_SELECTOR = YES;
				GCC_WARN_UNINITIALIZED_AUTOS = YES_AGGRESSIVE;
				GCC_WARN_UNUSED_FUNCTION = YES;
				GCC_WARN_UNUSED_VARIABLE = YES;
				IPHONEOS_DEPLOYMENT_TARGET = 12.4;
				MTL_ENABLE_DEBUG_INFO = INCLUDE_SOURCE;
				MTL_FAST_MATH = YES;
				ONLY_ACTIVE_ARCH = YES;
				SDKROOT = iphoneos;
				SWIFT_ACTIVE_COMPILATION_CONDITIONS = DEBUG;
				SWIFT_OPTIMIZATION_LEVEL = "-Onone";
			};
			name = Debug;
		};
		FF91A61E231C00A400044012 /* Release */ = {
			isa = XCBuildConfiguration;
			buildSettings = {
				ALWAYS_SEARCH_USER_PATHS = NO;
				CLANG_ANALYZER_NONNULL = YES;
				CLANG_ANALYZER_NUMBER_OBJECT_CONVERSION = YES_AGGRESSIVE;
				CLANG_CXX_LANGUAGE_STANDARD = "gnu++14";
				CLANG_CXX_LIBRARY = "libc++";
				CLANG_ENABLE_MODULES = YES;
				CLANG_ENABLE_OBJC_ARC = YES;
				CLANG_ENABLE_OBJC_WEAK = YES;
				CLANG_WARN_BLOCK_CAPTURE_AUTORELEASING = YES;
				CLANG_WARN_BOOL_CONVERSION = YES;
				CLANG_WARN_COMMA = YES;
				CLANG_WARN_CONSTANT_CONVERSION = YES;
				CLANG_WARN_DEPRECATED_OBJC_IMPLEMENTATIONS = YES;
				CLANG_WARN_DIRECT_OBJC_ISA_USAGE = YES_ERROR;
				CLANG_WARN_DOCUMENTATION_COMMENTS = YES;
				CLANG_WARN_EMPTY_BODY = YES;
				CLANG_WARN_ENUM_CONVERSION = YES;
				CLANG_WARN_INFINITE_RECURSION = YES;
				CLANG_WARN_INT_CONVERSION = YES;
				CLANG_WARN_NON_LITERAL_NULL_CONVERSION = YES;
				CLANG_WARN_OBJC_IMPLICIT_RETAIN_SELF = YES;
				CLANG_WARN_OBJC_LITERAL_CONVERSION = YES;
				CLANG_WARN_OBJC_ROOT_CLASS = YES_ERROR;
				CLANG_WARN_RANGE_LOOP_ANALYSIS = YES;
				CLANG_WARN_STRICT_PROTOTYPES = YES;
				CLANG_WARN_SUSPICIOUS_MOVE = YES;
				CLANG_WARN_UNGUARDED_AVAILABILITY = YES_AGGRESSIVE;
				CLANG_WARN_UNREACHABLE_CODE = YES;
				CLANG_WARN__DUPLICATE_METHOD_MATCH = YES;
				CODE_SIGN_IDENTITY = "iPhone Developer";
				COPY_PHASE_STRIP = NO;
				DEBUG_INFORMATION_FORMAT = "dwarf-with-dsym";
				ENABLE_NS_ASSERTIONS = NO;
				ENABLE_STRICT_OBJC_MSGSEND = YES;
				GCC_C_LANGUAGE_STANDARD = gnu11;
				GCC_NO_COMMON_BLOCKS = YES;
				GCC_WARN_64_TO_32_BIT_CONVERSION = YES;
				GCC_WARN_ABOUT_RETURN_TYPE = YES_ERROR;
				GCC_WARN_UNDECLARED_SELECTOR = YES;
				GCC_WARN_UNINITIALIZED_AUTOS = YES_AGGRESSIVE;
				GCC_WARN_UNUSED_FUNCTION = YES;
				GCC_WARN_UNUSED_VARIABLE = YES;
				IPHONEOS_DEPLOYMENT_TARGET = 12.4;
				MTL_ENABLE_DEBUG_INFO = NO;
				MTL_FAST_MATH = YES;
				SDKROOT = iphoneos;
				SWIFT_COMPILATION_MODE = wholemodule;
				SWIFT_OPTIMIZATION_LEVEL = "-O";
				VALIDATE_PRODUCT = YES;
			};
			name = Release;
		};
		FF91A620231C00A400044012 /* Debug */ = {
			isa = XCBuildConfiguration;
			buildSettings = {
				ASSETCATALOG_COMPILER_APPICON_NAME = AppIcon;
				CODE_SIGN_STYLE = Automatic;
				DEVELOPMENT_TEAM = TA68U55HHH;
				INFOPLIST_FILE = "RxFeedback-demo/Info.plist";
				LD_RUNPATH_SEARCH_PATHS = (
					"$(inherited)",
					"@executable_path/Frameworks",
				);
				PRODUCT_BUNDLE_IDENTIFIER = "dvs.RxFeedback-demo";
				PRODUCT_NAME = "$(TARGET_NAME)";
				SWIFT_VERSION = 5.0;
				TARGETED_DEVICE_FAMILY = "1,2";
			};
			name = Debug;
		};
		FF91A621231C00A400044012 /* Release */ = {
			isa = XCBuildConfiguration;
			buildSettings = {
				ASSETCATALOG_COMPILER_APPICON_NAME = AppIcon;
				CODE_SIGN_STYLE = Automatic;
				DEVELOPMENT_TEAM = TA68U55HHH;
				INFOPLIST_FILE = "RxFeedback-demo/Info.plist";
				LD_RUNPATH_SEARCH_PATHS = (
					"$(inherited)",
					"@executable_path/Frameworks",
				);
				PRODUCT_BUNDLE_IDENTIFIER = "dvs.RxFeedback-demo";
				PRODUCT_NAME = "$(TARGET_NAME)";
				SWIFT_VERSION = 5.0;
				TARGETED_DEVICE_FAMILY = "1,2";
			};
			name = Release;
		};
		FF91A623231C00A400044012 /* Debug */ = {
			isa = XCBuildConfiguration;
			buildSettings = {
				ALWAYS_EMBED_SWIFT_STANDARD_LIBRARIES = YES;
				BUNDLE_LOADER = "$(TEST_HOST)";
				CODE_SIGN_STYLE = Automatic;
				DEVELOPMENT_TEAM = TA68U55HHH;
				INFOPLIST_FILE = "RxFeedback-demoTests/Info.plist";
				LD_RUNPATH_SEARCH_PATHS = (
					"$(inherited)",
					"@executable_path/Frameworks",
					"@loader_path/Frameworks",
				);
				PRODUCT_BUNDLE_IDENTIFIER = "dvs.RxFeedback-demoTests";
				PRODUCT_NAME = "$(TARGET_NAME)";
				SWIFT_VERSION = 5.0;
				TARGETED_DEVICE_FAMILY = "1,2";
				TEST_HOST = "$(BUILT_PRODUCTS_DIR)/RxFeedback-demo.app/RxFeedback-demo";
			};
			name = Debug;
		};
		FF91A624231C00A400044012 /* Release */ = {
			isa = XCBuildConfiguration;
			buildSettings = {
				ALWAYS_EMBED_SWIFT_STANDARD_LIBRARIES = YES;
				BUNDLE_LOADER = "$(TEST_HOST)";
				CODE_SIGN_STYLE = Automatic;
				DEVELOPMENT_TEAM = TA68U55HHH;
				INFOPLIST_FILE = "RxFeedback-demoTests/Info.plist";
				LD_RUNPATH_SEARCH_PATHS = (
					"$(inherited)",
					"@executable_path/Frameworks",
					"@loader_path/Frameworks",
				);
				PRODUCT_BUNDLE_IDENTIFIER = "dvs.RxFeedback-demoTests";
				PRODUCT_NAME = "$(TARGET_NAME)";
				SWIFT_VERSION = 5.0;
				TARGETED_DEVICE_FAMILY = "1,2";
				TEST_HOST = "$(BUILT_PRODUCTS_DIR)/RxFeedback-demo.app/RxFeedback-demo";
			};
			name = Release;
		};
/* End XCBuildConfiguration section */

/* Begin XCConfigurationList section */
		FF91A5FD231C00A300044012 /* Build configuration list for PBXProject "RxFeedback-demo" */ = {
			isa = XCConfigurationList;
			buildConfigurations = (
				FF91A61D231C00A400044012 /* Debug */,
				FF91A61E231C00A400044012 /* Release */,
			);
			defaultConfigurationIsVisible = 0;
			defaultConfigurationName = Release;
		};
		FF91A61F231C00A400044012 /* Build configuration list for PBXNativeTarget "RxFeedback-demo" */ = {
			isa = XCConfigurationList;
			buildConfigurations = (
				FF91A620231C00A400044012 /* Debug */,
				FF91A621231C00A400044012 /* Release */,
			);
			defaultConfigurationIsVisible = 0;
			defaultConfigurationName = Release;
		};
		FF91A622231C00A400044012 /* Build configuration list for PBXNativeTarget "RxFeedback-demoTests" */ = {
			isa = XCConfigurationList;
			buildConfigurations = (
				FF91A623231C00A400044012 /* Debug */,
				FF91A624231C00A400044012 /* Release */,
			);
			defaultConfigurationIsVisible = 0;
			defaultConfigurationName = Release;
		};
/* End XCConfigurationList section */
	};
	rootObject = FF91A5FA231C00A300044012 /* Project object */;
}
