{
  "object": {
    "pins": [
      {
        "package": "RxFeedback",
        "repositoryURL": "https://github.com/NoTests/RxFeedback.swift",
        "state": {
          "branch": null,
          "revision": "cbd500b8dcf1ae72e8c09f26e8f7f5a03268b58d",
          "version": "3.0.0"
        }
      },
      {
        "package": "RxSwift",
        "repositoryURL": "https://github.com/ReactiveX/RxSwift",
        "state": {
          "branch": null,
          "revision": "b3e888b4972d9bc76495dd74d30a8c7fad4b9395",
          "version": "5.0.1"
        }
      },
      {
        "package": "SnapKit",
        "repositoryURL": "https://github.com/SnapKit/SnapKit",
        "state": {
          "branch": null,
          "revision": "d458564516e5676af9c70b4f4b2a9178294f1bc6",
          "version": "5.0.1"
        }
      },
      {
        "package": "Overture",
        "repositoryURL": "https://github.com/pointfreeco/swift-overture",
        "state": {
          "branch": null,
          "revision": "7977acd7597f413717058acc1e080731249a1d7e",
          "version": "0.5.0"
        }
      },
      {
        "package": "Weakify",
        "repositoryURL": "https://github.com/klundberg/Weakify",
        "state": {
          "branch": null,
          "revision": "9afbf3416bfde7b3a52620fa769e56b0bf9937dc",
          "version": "0.5.0"
        }
      }
    ]
  },
  "version": 1
}
